// !$*UTF8*$!
{
	archiveVersion = 1;
	classes = {
	};
	objectVersion = 55;
	objects = {

/* Begin PBXBuildFile section */
		E4014E8328C410A300D2CA51 /* BaseModel + CoreData.swift in Sources */ = {isa = PBXBuildFile; fileRef = E4014E8228C410A300D2CA51 /* BaseModel + CoreData.swift */; };
		E4014E8628C41A8E00D2CA51 /* Posts + BaseModel.swift in Sources */ = {isa = PBXBuildFile; fileRef = E4014E8528C41A8E00D2CA51 /* Posts + BaseModel.swift */; };
		E42217EB28C58B590024A2A0 /* Author.swift in Sources */ = {isa = PBXBuildFile; fileRef = E42217EA28C58B590024A2A0 /* Author.swift */; };
		E4A8D96D28C25D200091601D /* JSONPlaceholder_exampleApp.swift in Sources */ = {isa = PBXBuildFile; fileRef = E4A8D96C28C25D200091601D /* JSONPlaceholder_exampleApp.swift */; };
		E4A8D96F28C25D200091601D /* PostsListView.swift in Sources */ = {isa = PBXBuildFile; fileRef = E4A8D96E28C25D200091601D /* PostsListView.swift */; };
		E4A8D97128C25D240091601D /* Assets.xcassets in Resources */ = {isa = PBXBuildFile; fileRef = E4A8D97028C25D240091601D /* Assets.xcassets */; };
		E4A8D97428C25D240091601D /* Preview Assets.xcassets in Resources */ = {isa = PBXBuildFile; fileRef = E4A8D97328C25D240091601D /* Preview Assets.xcassets */; };
		E4A8D97628C25D250091601D /* CoreDataManager.swift in Sources */ = {isa = PBXBuildFile; fileRef = E4A8D97528C25D250091601D /* CoreDataManager.swift */; };
		E4A8D97928C25D250091601D /* JSONPlaceholder_example.xcdatamodeld in Sources */ = {isa = PBXBuildFile; fileRef = E4A8D97728C25D250091601D /* JSONPlaceholder_example.xcdatamodeld */; };
		E4A8D98328C25D250091601D /* JSONPlaceholder_exampleTests.swift in Sources */ = {isa = PBXBuildFile; fileRef = E4A8D98228C25D250091601D /* JSONPlaceholder_exampleTests.swift */; };
		E4A8D98D28C25D250091601D /* JSONPlaceholder_exampleUITests.swift in Sources */ = {isa = PBXBuildFile; fileRef = E4A8D98C28C25D250091601D /* JSONPlaceholder_exampleUITests.swift */; };
		E4A8D98F28C25D250091601D /* JSONPlaceholder_exampleUITestsLaunchTests.swift in Sources */ = {isa = PBXBuildFile; fileRef = E4A8D98E28C25D250091601D /* JSONPlaceholder_exampleUITestsLaunchTests.swift */; };
		E4A8D99D28C293CC0091601D /* LaunchScreen.storyboard in Resources */ = {isa = PBXBuildFile; fileRef = E4A8D99C28C293CC0091601D /* LaunchScreen.storyboard */; };
		E4A8D9A428C2B8510091601D /* PostListViewModel.swift in Sources */ = {isa = PBXBuildFile; fileRef = E4A8D9A328C2B8510091601D /* PostListViewModel.swift */; };
		E4A8D9A628C2BA2B0091601D /* Post.swift in Sources */ = {isa = PBXBuildFile; fileRef = E4A8D9A528C2BA2B0091601D /* Post.swift */; };
		E4A8D9AA28C2BA760091601D /* GlobalContants.swift in Sources */ = {isa = PBXBuildFile; fileRef = E4A8D9A928C2BA760091601D /* GlobalContants.swift */; };
		E4A8D9AC28C2BB520091601D /* ServiceManager.swift in Sources */ = {isa = PBXBuildFile; fileRef = E4A8D9AB28C2BB520091601D /* ServiceManager.swift */; };
		E4A8D9AE28C2D20F0091601D /* ApiManager.swift in Sources */ = {isa = PBXBuildFile; fileRef = E4A8D9AD28C2D20F0091601D /* ApiManager.swift */; };
		E4A8D9B028C2EA480091601D /* SFSymbols.swift in Sources */ = {isa = PBXBuildFile; fileRef = E4A8D9AF28C2EA480091601D /* SFSymbols.swift */; };
		E4A8D9B628C2F0770091601D /* PostDetailView.swift in Sources */ = {isa = PBXBuildFile; fileRef = E4A8D9B528C2F0770091601D /* PostDetailView.swift */; };
		E4A8D9B828C2F6480091601D /* PostDetailViewModel.swift in Sources */ = {isa = PBXBuildFile; fileRef = E4A8D9B728C2F6480091601D /* PostDetailViewModel.swift */; };
		E4A8D9BA28C2F7400091601D /* Comment.swift in Sources */ = {isa = PBXBuildFile; fileRef = E4A8D9B928C2F7400091601D /* Comment.swift */; };
/* End PBXBuildFile section */

/* Begin PBXContainerItemProxy section */
		E4A8D97F28C25D250091601D /* PBXContainerItemProxy */ = {
			isa = PBXContainerItemProxy;
			containerPortal = E4A8D96128C25D1F0091601D /* Project object */;
			proxyType = 1;
			remoteGlobalIDString = E4A8D96828C25D200091601D;
			remoteInfo = "JSONPlaceholder-example";
		};
		E4A8D98928C25D250091601D /* PBXContainerItemProxy */ = {
			isa = PBXContainerItemProxy;
			containerPortal = E4A8D96128C25D1F0091601D /* Project object */;
			proxyType = 1;
			remoteGlobalIDString = E4A8D96828C25D200091601D;
			remoteInfo = "JSONPlaceholder-example";
		};
/* End PBXContainerItemProxy section */

/* Begin PBXFileReference section */
		E4014E8228C410A300D2CA51 /* BaseModel + CoreData.swift */ = {isa = PBXFileReference; lastKnownFileType = sourcecode.swift; path = "BaseModel + CoreData.swift"; sourceTree = "<group>"; };
		E4014E8528C41A8E00D2CA51 /* Posts + BaseModel.swift */ = {isa = PBXFileReference; lastKnownFileType = sourcecode.swift; path = "Posts + BaseModel.swift"; sourceTree = "<group>"; };
		E42217EA28C58B590024A2A0 /* Author.swift */ = {isa = PBXFileReference; lastKnownFileType = sourcecode.swift; path = Author.swift; sourceTree = "<group>"; };
		E4A8D96928C25D200091601D /* JSONPlaceholder-example.app */ = {isa = PBXFileReference; explicitFileType = wrapper.application; includeInIndex = 0; path = "JSONPlaceholder-example.app"; sourceTree = BUILT_PRODUCTS_DIR; };
		E4A8D96C28C25D200091601D /* JSONPlaceholder_exampleApp.swift */ = {isa = PBXFileReference; lastKnownFileType = sourcecode.swift; path = JSONPlaceholder_exampleApp.swift; sourceTree = "<group>"; };
		E4A8D96E28C25D200091601D /* PostsListView.swift */ = {isa = PBXFileReference; lastKnownFileType = sourcecode.swift; path = PostsListView.swift; sourceTree = "<group>"; };
		E4A8D97028C25D240091601D /* Assets.xcassets */ = {isa = PBXFileReference; lastKnownFileType = folder.assetcatalog; path = Assets.xcassets; sourceTree = "<group>"; };
		E4A8D97328C25D240091601D /* Preview Assets.xcassets */ = {isa = PBXFileReference; lastKnownFileType = folder.assetcatalog; path = "Preview Assets.xcassets"; sourceTree = "<group>"; };
		E4A8D97528C25D250091601D /* CoreDataManager.swift */ = {isa = PBXFileReference; lastKnownFileType = sourcecode.swift; path = CoreDataManager.swift; sourceTree = "<group>"; };
		E4A8D97828C25D250091601D /* JSONPlaceholder_example.xcdatamodel */ = {isa = PBXFileReference; lastKnownFileType = wrapper.xcdatamodel; path = JSONPlaceholder_example.xcdatamodel; sourceTree = "<group>"; };
		E4A8D97E28C25D250091601D /* JSONPlaceholder-exampleTests.xctest */ = {isa = PBXFileReference; explicitFileType = wrapper.cfbundle; includeInIndex = 0; path = "JSONPlaceholder-exampleTests.xctest"; sourceTree = BUILT_PRODUCTS_DIR; };
		E4A8D98228C25D250091601D /* JSONPlaceholder_exampleTests.swift */ = {isa = PBXFileReference; lastKnownFileType = sourcecode.swift; path = JSONPlaceholder_exampleTests.swift; sourceTree = "<group>"; };
		E4A8D98828C25D250091601D /* JSONPlaceholder-exampleUITests.xctest */ = {isa = PBXFileReference; explicitFileType = wrapper.cfbundle; includeInIndex = 0; path = "JSONPlaceholder-exampleUITests.xctest"; sourceTree = BUILT_PRODUCTS_DIR; };
		E4A8D98C28C25D250091601D /* JSONPlaceholder_exampleUITests.swift */ = {isa = PBXFileReference; lastKnownFileType = sourcecode.swift; path = JSONPlaceholder_exampleUITests.swift; sourceTree = "<group>"; };
		E4A8D98E28C25D250091601D /* JSONPlaceholder_exampleUITestsLaunchTests.swift */ = {isa = PBXFileReference; lastKnownFileType = sourcecode.swift; path = JSONPlaceholder_exampleUITestsLaunchTests.swift; sourceTree = "<group>"; };
		E4A8D99B28C25ECB0091601D /* Info.plist */ = {isa = PBXFileReference; lastKnownFileType = text.plist; path = Info.plist; sourceTree = "<group>"; };
		E4A8D99C28C293CC0091601D /* LaunchScreen.storyboard */ = {isa = PBXFileReference; lastKnownFileType = file.storyboard; path = LaunchScreen.storyboard; sourceTree = "<group>"; };
		E4A8D9A328C2B8510091601D /* PostListViewModel.swift */ = {isa = PBXFileReference; lastKnownFileType = sourcecode.swift; path = PostListViewModel.swift; sourceTree = "<group>"; };
		E4A8D9A528C2BA2B0091601D /* Post.swift */ = {isa = PBXFileReference; lastKnownFileType = sourcecode.swift; path = Post.swift; sourceTree = "<group>"; };
		E4A8D9A928C2BA760091601D /* GlobalContants.swift */ = {isa = PBXFileReference; lastKnownFileType = sourcecode.swift; path = GlobalContants.swift; sourceTree = "<group>"; };
		E4A8D9AB28C2BB520091601D /* ServiceManager.swift */ = {isa = PBXFileReference; lastKnownFileType = sourcecode.swift; path = ServiceManager.swift; sourceTree = "<group>"; };
		E4A8D9AD28C2D20F0091601D /* ApiManager.swift */ = {isa = PBXFileReference; lastKnownFileType = sourcecode.swift; path = ApiManager.swift; sourceTree = "<group>"; };
		E4A8D9AF28C2EA480091601D /* SFSymbols.swift */ = {isa = PBXFileReference; lastKnownFileType = sourcecode.swift; path = SFSymbols.swift; sourceTree = "<group>"; };
		E4A8D9B528C2F0770091601D /* PostDetailView.swift */ = {isa = PBXFileReference; lastKnownFileType = sourcecode.swift; path = PostDetailView.swift; sourceTree = "<group>"; };
		E4A8D9B728C2F6480091601D /* PostDetailViewModel.swift */ = {isa = PBXFileReference; lastKnownFileType = sourcecode.swift; path = PostDetailViewModel.swift; sourceTree = "<group>"; };
		E4A8D9B928C2F7400091601D /* Comment.swift */ = {isa = PBXFileReference; lastKnownFileType = sourcecode.swift; path = Comment.swift; sourceTree = "<group>"; };
/* End PBXFileReference section */

/* Begin PBXFrameworksBuildPhase section */
		E4A8D96628C25D200091601D /* Frameworks */ = {
			isa = PBXFrameworksBuildPhase;
			buildActionMask = 2147483647;
			files = (
			);
			runOnlyForDeploymentPostprocessing = 0;
		};
		E4A8D97B28C25D250091601D /* Frameworks */ = {
			isa = PBXFrameworksBuildPhase;
			buildActionMask = 2147483647;
			files = (
			);
			runOnlyForDeploymentPostprocessing = 0;
		};
		E4A8D98528C25D250091601D /* Frameworks */ = {
			isa = PBXFrameworksBuildPhase;
			buildActionMask = 2147483647;
			files = (
			);
			runOnlyForDeploymentPostprocessing = 0;
		};
/* End PBXFrameworksBuildPhase section */

/* Begin PBXGroup section */
		E4014E8128C4108300D2CA51 /* Extensions */ = {
			isa = PBXGroup;
			children = (
				E4014E8228C410A300D2CA51 /* BaseModel + CoreData.swift */,
				E4014E8528C41A8E00D2CA51 /* Posts + BaseModel.swift */,
			);
			path = Extensions;
			sourceTree = "<group>";
		};
		E4014E8428C417C400D2CA51 /* Managers */ = {
			isa = PBXGroup;
			children = (
				E4A8D9AB28C2BB520091601D /* ServiceManager.swift */,
				E4A8D9AD28C2D20F0091601D /* ApiManager.swift */,
				E4A8D97528C25D250091601D /* CoreDataManager.swift */,
			);
			path = Managers;
			sourceTree = "<group>";
		};
		E4A8D96028C25D1F0091601D = {
			isa = PBXGroup;
			children = (
				E4A8D96B28C25D200091601D /* JSONPlaceholder-example */,
				E4A8D98128C25D250091601D /* JSONPlaceholder-exampleTests */,
				E4A8D98B28C25D250091601D /* JSONPlaceholder-exampleUITests */,
				E4A8D96A28C25D200091601D /* Products */,
			);
			sourceTree = "<group>";
		};
		E4A8D96A28C25D200091601D /* Products */ = {
			isa = PBXGroup;
			children = (
				E4A8D96928C25D200091601D /* JSONPlaceholder-example.app */,
				E4A8D97E28C25D250091601D /* JSONPlaceholder-exampleTests.xctest */,
				E4A8D98828C25D250091601D /* JSONPlaceholder-exampleUITests.xctest */,
			);
			name = Products;
			sourceTree = "<group>";
		};
		E4A8D96B28C25D200091601D /* JSONPlaceholder-example */ = {
			isa = PBXGroup;
			children = (
				E4A8D99B28C25ECB0091601D /* Info.plist */,
				E4A8D96C28C25D200091601D /* JSONPlaceholder_exampleApp.swift */,
				E4A8D97028C25D240091601D /* Assets.xcassets */,
				E4D0255E28C42D5D0071DBFA /* CoreData */,
				E4A8D9A728C2BA610091601D /* Helpers */,
				E4A8D99E28C2AAF20091601D /* Modules */,
				E4A8D97228C25D240091601D /* Preview Content */,
			);
			path = "JSONPlaceholder-example";
			sourceTree = "<group>";
		};
		E4A8D97228C25D240091601D /* Preview Content */ = {
			isa = PBXGroup;
			children = (
				E4A8D97328C25D240091601D /* Preview Assets.xcassets */,
			);
			path = "Preview Content";
			sourceTree = "<group>";
		};
		E4A8D98128C25D250091601D /* JSONPlaceholder-exampleTests */ = {
			isa = PBXGroup;
			children = (
				E4A8D98228C25D250091601D /* JSONPlaceholder_exampleTests.swift */,
			);
			path = "JSONPlaceholder-exampleTests";
			sourceTree = "<group>";
		};
		E4A8D98B28C25D250091601D /* JSONPlaceholder-exampleUITests */ = {
			isa = PBXGroup;
			children = (
				E4A8D98C28C25D250091601D /* JSONPlaceholder_exampleUITests.swift */,
				E4A8D98E28C25D250091601D /* JSONPlaceholder_exampleUITestsLaunchTests.swift */,
			);
			path = "JSONPlaceholder-exampleUITests";
			sourceTree = "<group>";
		};
		E4A8D99E28C2AAF20091601D /* Modules */ = {
			isa = PBXGroup;
			children = (
				E4A8D9B128C2EFD10091601D /* PostDetail */,
				E4A8D99F28C2AB070091601D /* PostsList */,
			);
			path = Modules;
			sourceTree = "<group>";
		};
		E4A8D99F28C2AB070091601D /* PostsList */ = {
			isa = PBXGroup;
			children = (
				E4A8D9A228C2B83C0091601D /* Model */,
				E4A8D9A028C2B7390091601D /* View */,
				E4A8D9A128C2B8350091601D /* ViewModel */,
			);
			path = PostsList;
			sourceTree = "<group>";
		};
		E4A8D9A028C2B7390091601D /* View */ = {
			isa = PBXGroup;
			children = (
				E4A8D96E28C25D200091601D /* PostsListView.swift */,
			);
			path = View;
			sourceTree = "<group>";
		};
		E4A8D9A128C2B8350091601D /* ViewModel */ = {
			isa = PBXGroup;
			children = (
				E4A8D9A328C2B8510091601D /* PostListViewModel.swift */,
			);
			path = ViewModel;
			sourceTree = "<group>";
		};
		E4A8D9A228C2B83C0091601D /* Model */ = {
			isa = PBXGroup;
			children = (
				E4A8D9A528C2BA2B0091601D /* Post.swift */,
			);
			path = Model;
			sourceTree = "<group>";
		};
		E4A8D9A728C2BA610091601D /* Helpers */ = {
			isa = PBXGroup;
			children = (
				E4A8D99C28C293CC0091601D /* LaunchScreen.storyboard */,
				E4A8D9A828C2BA660091601D /* Contants */,
				E4014E8128C4108300D2CA51 /* Extensions */,
				E4014E8428C417C400D2CA51 /* Managers */,
			);
			path = Helpers;
			sourceTree = "<group>";
		};
		E4A8D9A828C2BA660091601D /* Contants */ = {
			isa = PBXGroup;
			children = (
				E4A8D9A928C2BA760091601D /* GlobalContants.swift */,
				E4A8D9AF28C2EA480091601D /* SFSymbols.swift */,
			);
			path = Contants;
			sourceTree = "<group>";
		};
		E4A8D9B128C2EFD10091601D /* PostDetail */ = {
			isa = PBXGroup;
			children = (
				E4A8D9B228C2EFDB0091601D /* Model */,
				E4A8D9B328C2EFE00091601D /* View */,
				E4A8D9B428C2EFEA0091601D /* ViewModel */,
			);
			path = PostDetail;
			sourceTree = "<group>";
		};
		E4A8D9B228C2EFDB0091601D /* Model */ = {
			isa = PBXGroup;
			children = (
				E4A8D9B928C2F7400091601D /* Comment.swift */,
				E42217EA28C58B590024A2A0 /* Author.swift */,
			);
			path = Model;
			sourceTree = "<group>";
		};
		E4A8D9B328C2EFE00091601D /* View */ = {
			isa = PBXGroup;
			children = (
				E4A8D9B528C2F0770091601D /* PostDetailView.swift */,
			);
			path = View;
			sourceTree = "<group>";
		};
		E4A8D9B428C2EFEA0091601D /* ViewModel */ = {
			isa = PBXGroup;
			children = (
				E4A8D9B728C2F6480091601D /* PostDetailViewModel.swift */,
			);
			path = ViewModel;
			sourceTree = "<group>";
		};
		E4D0255E28C42D5D0071DBFA /* CoreData */ = {
			isa = PBXGroup;
			children = (
				E4A8D97728C25D250091601D /* JSONPlaceholder_example.xcdatamodeld */,
			);
			path = CoreData;
			sourceTree = "<group>";
		};
/* End PBXGroup section */

/* Begin PBXNativeTarget section */
		E4A8D96828C25D200091601D /* JSONPlaceholder-example */ = {
			isa = PBXNativeTarget;
			buildConfigurationList = E4A8D99228C25D250091601D /* Build configuration list for PBXNativeTarget "JSONPlaceholder-example" */;
			buildPhases = (
				E4A8D96528C25D200091601D /* Sources */,
				E4A8D96628C25D200091601D /* Frameworks */,
				E4A8D96728C25D200091601D /* Resources */,
			);
			buildRules = (
			);
			dependencies = (
			);
			name = "JSONPlaceholder-example";
			productName = "JSONPlaceholder-example";
			productReference = E4A8D96928C25D200091601D /* JSONPlaceholder-example.app */;
			productType = "com.apple.product-type.application";
		};
		E4A8D97D28C25D250091601D /* JSONPlaceholder-exampleTests */ = {
			isa = PBXNativeTarget;
			buildConfigurationList = E4A8D99528C25D250091601D /* Build configuration list for PBXNativeTarget "JSONPlaceholder-exampleTests" */;
			buildPhases = (
				E4A8D97A28C25D250091601D /* Sources */,
				E4A8D97B28C25D250091601D /* Frameworks */,
				E4A8D97C28C25D250091601D /* Resources */,
			);
			buildRules = (
			);
			dependencies = (
				E4A8D98028C25D250091601D /* PBXTargetDependency */,
			);
			name = "JSONPlaceholder-exampleTests";
			productName = "JSONPlaceholder-exampleTests";
			productReference = E4A8D97E28C25D250091601D /* JSONPlaceholder-exampleTests.xctest */;
			productType = "com.apple.product-type.bundle.unit-test";
		};
		E4A8D98728C25D250091601D /* JSONPlaceholder-exampleUITests */ = {
			isa = PBXNativeTarget;
			buildConfigurationList = E4A8D99828C25D250091601D /* Build configuration list for PBXNativeTarget "JSONPlaceholder-exampleUITests" */;
			buildPhases = (
				E4A8D98428C25D250091601D /* Sources */,
				E4A8D98528C25D250091601D /* Frameworks */,
				E4A8D98628C25D250091601D /* Resources */,
			);
			buildRules = (
			);
			dependencies = (
				E4A8D98A28C25D250091601D /* PBXTargetDependency */,
			);
			name = "JSONPlaceholder-exampleUITests";
			productName = "JSONPlaceholder-exampleUITests";
			productReference = E4A8D98828C25D250091601D /* JSONPlaceholder-exampleUITests.xctest */;
			productType = "com.apple.product-type.bundle.ui-testing";
		};
/* End PBXNativeTarget section */

/* Begin PBXProject section */
		E4A8D96128C25D1F0091601D /* Project object */ = {
			isa = PBXProject;
			attributes = {
				BuildIndependentTargetsInParallel = 1;
				LastSwiftUpdateCheck = 1340;
				LastUpgradeCheck = 1340;
				TargetAttributes = {
					E4A8D96828C25D200091601D = {
						CreatedOnToolsVersion = 13.4.1;
					};
					E4A8D97D28C25D250091601D = {
						CreatedOnToolsVersion = 13.4.1;
						TestTargetID = E4A8D96828C25D200091601D;
					};
					E4A8D98728C25D250091601D = {
						CreatedOnToolsVersion = 13.4.1;
						TestTargetID = E4A8D96828C25D200091601D;
					};
				};
			};
			buildConfigurationList = E4A8D96428C25D1F0091601D /* Build configuration list for PBXProject "JSONPlaceholder-example" */;
			compatibilityVersion = "Xcode 13.0";
			developmentRegion = en;
			hasScannedForEncodings = 0;
			knownRegions = (
				en,
				Base,
			);
			mainGroup = E4A8D96028C25D1F0091601D;
			productRefGroup = E4A8D96A28C25D200091601D /* Products */;
			projectDirPath = "";
			projectRoot = "";
			targets = (
				E4A8D96828C25D200091601D /* JSONPlaceholder-example */,
				E4A8D97D28C25D250091601D /* JSONPlaceholder-exampleTests */,
				E4A8D98728C25D250091601D /* JSONPlaceholder-exampleUITests */,
			);
		};
/* End PBXProject section */

/* Begin PBXResourcesBuildPhase section */
		E4A8D96728C25D200091601D /* Resources */ = {
			isa = PBXResourcesBuildPhase;
			buildActionMask = 2147483647;
			files = (
				E4A8D99D28C293CC0091601D /* LaunchScreen.storyboard in Resources */,
				E4A8D97428C25D240091601D /* Preview Assets.xcassets in Resources */,
				E4A8D97128C25D240091601D /* Assets.xcassets in Resources */,
			);
			runOnlyForDeploymentPostprocessing = 0;
		};
		E4A8D97C28C25D250091601D /* Resources */ = {
			isa = PBXResourcesBuildPhase;
			buildActionMask = 2147483647;
			files = (
			);
			runOnlyForDeploymentPostprocessing = 0;
		};
		E4A8D98628C25D250091601D /* Resources */ = {
			isa = PBXResourcesBuildPhase;
			buildActionMask = 2147483647;
			files = (
			);
			runOnlyForDeploymentPostprocessing = 0;
		};
/* End PBXResourcesBuildPhase section */

/* Begin PBXSourcesBuildPhase section */
		E4A8D96528C25D200091601D /* Sources */ = {
			isa = PBXSourcesBuildPhase;
			buildActionMask = 2147483647;
			files = (
				E4A8D9B628C2F0770091601D /* PostDetailView.swift in Sources */,
				E4014E8328C410A300D2CA51 /* BaseModel + CoreData.swift in Sources */,
				E4A8D9AC28C2BB520091601D /* ServiceManager.swift in Sources */,
				E4A8D97928C25D250091601D /* JSONPlaceholder_example.xcdatamodeld in Sources */,
				E4A8D9B028C2EA480091601D /* SFSymbols.swift in Sources */,
				E4A8D9A628C2BA2B0091601D /* Post.swift in Sources */,
				E4014E8628C41A8E00D2CA51 /* Posts + BaseModel.swift in Sources */,
				E4A8D9B828C2F6480091601D /* PostDetailViewModel.swift in Sources */,
				E4A8D97628C25D250091601D /* CoreDataManager.swift in Sources */,
				E4A8D9AA28C2BA760091601D /* GlobalContants.swift in Sources */,
				E42217EB28C58B590024A2A0 /* Author.swift in Sources */,
				E4A8D9BA28C2F7400091601D /* Comment.swift in Sources */,
				E4A8D9AE28C2D20F0091601D /* ApiManager.swift in Sources */,
				E4A8D96F28C25D200091601D /* PostsListView.swift in Sources */,
				E4A8D96D28C25D200091601D /* JSONPlaceholder_exampleApp.swift in Sources */,
				E4A8D9A428C2B8510091601D /* PostListViewModel.swift in Sources */,
			);
			runOnlyForDeploymentPostprocessing = 0;
		};
		E4A8D97A28C25D250091601D /* Sources */ = {
			isa = PBXSourcesBuildPhase;
			buildActionMask = 2147483647;
			files = (
				E4A8D98328C25D250091601D /* JSONPlaceholder_exampleTests.swift in Sources */,
			);
			runOnlyForDeploymentPostprocessing = 0;
		};
		E4A8D98428C25D250091601D /* Sources */ = {
			isa = PBXSourcesBuildPhase;
			buildActionMask = 2147483647;
			files = (
				E4A8D98D28C25D250091601D /* JSONPlaceholder_exampleUITests.swift in Sources */,
				E4A8D98F28C25D250091601D /* JSONPlaceholder_exampleUITestsLaunchTests.swift in Sources */,
			);
			runOnlyForDeploymentPostprocessing = 0;
		};
/* End PBXSourcesBuildPhase section */

/* Begin PBXTargetDependency section */
		E4A8D98028C25D250091601D /* PBXTargetDependency */ = {
			isa = PBXTargetDependency;
			target = E4A8D96828C25D200091601D /* JSONPlaceholder-example */;
			targetProxy = E4A8D97F28C25D250091601D /* PBXContainerItemProxy */;
		};
		E4A8D98A28C25D250091601D /* PBXTargetDependency */ = {
			isa = PBXTargetDependency;
			target = E4A8D96828C25D200091601D /* JSONPlaceholder-example */;
			targetProxy = E4A8D98928C25D250091601D /* PBXContainerItemProxy */;
		};
/* End PBXTargetDependency section */

/* Begin XCBuildConfiguration section */
		E4A8D99028C25D250091601D /* Debug */ = {
			isa = XCBuildConfiguration;
			buildSettings = {
				ALWAYS_SEARCH_USER_PATHS = NO;
				CLANG_ANALYZER_NONNULL = YES;
				CLANG_ANALYZER_NUMBER_OBJECT_CONVERSION = YES_AGGRESSIVE;
				CLANG_CXX_LANGUAGE_STANDARD = "gnu++17";
				CLANG_ENABLE_MODULES = YES;
				CLANG_ENABLE_OBJC_ARC = YES;
				CLANG_ENABLE_OBJC_WEAK = YES;
				CLANG_WARN_BLOCK_CAPTURE_AUTORELEASING = YES;
				CLANG_WARN_BOOL_CONVERSION = YES;
				CLANG_WARN_COMMA = YES;
				CLANG_WARN_CONSTANT_CONVERSION = YES;
				CLANG_WARN_DEPRECATED_OBJC_IMPLEMENTATIONS = YES;
				CLANG_WARN_DIRECT_OBJC_ISA_USAGE = YES_ERROR;
				CLANG_WARN_DOCUMENTATION_COMMENTS = YES;
				CLANG_WARN_EMPTY_BODY = YES;
				CLANG_WARN_ENUM_CONVERSION = YES;
				CLANG_WARN_INFINITE_RECURSION = YES;
				CLANG_WARN_INT_CONVERSION = YES;
				CLANG_WARN_NON_LITERAL_NULL_CONVERSION = YES;
				CLANG_WARN_OBJC_IMPLICIT_RETAIN_SELF = YES;
				CLANG_WARN_OBJC_LITERAL_CONVERSION = YES;
				CLANG_WARN_OBJC_ROOT_CLASS = YES_ERROR;
				CLANG_WARN_QUOTED_INCLUDE_IN_FRAMEWORK_HEADER = YES;
				CLANG_WARN_RANGE_LOOP_ANALYSIS = YES;
				CLANG_WARN_STRICT_PROTOTYPES = YES;
				CLANG_WARN_SUSPICIOUS_MOVE = YES;
				CLANG_WARN_UNGUARDED_AVAILABILITY = YES_AGGRESSIVE;
				CLANG_WARN_UNREACHABLE_CODE = YES;
				CLANG_WARN__DUPLICATE_METHOD_MATCH = YES;
				COPY_PHASE_STRIP = NO;
				DEBUG_INFORMATION_FORMAT = dwarf;
				ENABLE_STRICT_OBJC_MSGSEND = YES;
				ENABLE_TESTABILITY = YES;
				GCC_C_LANGUAGE_STANDARD = gnu11;
				GCC_DYNAMIC_NO_PIC = NO;
				GCC_NO_COMMON_BLOCKS = YES;
				GCC_OPTIMIZATION_LEVEL = 0;
				GCC_PREPROCESSOR_DEFINITIONS = (
					"DEBUG=1",
					"$(inherited)",
				);
				GCC_WARN_64_TO_32_BIT_CONVERSION = YES;
				GCC_WARN_ABOUT_RETURN_TYPE = YES_ERROR;
				GCC_WARN_UNDECLARED_SELECTOR = YES;
				GCC_WARN_UNINITIALIZED_AUTOS = YES_AGGRESSIVE;
				GCC_WARN_UNUSED_FUNCTION = YES;
				GCC_WARN_UNUSED_VARIABLE = YES;
				IPHONEOS_DEPLOYMENT_TARGET = 15.0;
				MTL_ENABLE_DEBUG_INFO = INCLUDE_SOURCE;
				MTL_FAST_MATH = YES;
				ONLY_ACTIVE_ARCH = YES;
				SDKROOT = iphoneos;
				SWIFT_ACTIVE_COMPILATION_CONDITIONS = DEBUG;
				SWIFT_OPTIMIZATION_LEVEL = "-Onone";
			};
			name = Debug;
		};
		E4A8D99128C25D250091601D /* Release */ = {
			isa = XCBuildConfiguration;
			buildSettings = {
				ALWAYS_SEARCH_USER_PATHS = NO;
				CLANG_ANALYZER_NONNULL = YES;
				CLANG_ANALYZER_NUMBER_OBJECT_CONVERSION = YES_AGGRESSIVE;
				CLANG_CXX_LANGUAGE_STANDARD = "gnu++17";
				CLANG_ENABLE_MODULES = YES;
				CLANG_ENABLE_OBJC_ARC = YES;
				CLANG_ENABLE_OBJC_WEAK = YES;
				CLANG_WARN_BLOCK_CAPTURE_AUTORELEASING = YES;
				CLANG_WARN_BOOL_CONVERSION = YES;
				CLANG_WARN_COMMA = YES;
				CLANG_WARN_CONSTANT_CONVERSION = YES;
				CLANG_WARN_DEPRECATED_OBJC_IMPLEMENTATIONS = YES;
				CLANG_WARN_DIRECT_OBJC_ISA_USAGE = YES_ERROR;
				CLANG_WARN_DOCUMENTATION_COMMENTS = YES;
				CLANG_WARN_EMPTY_BODY = YES;
				CLANG_WARN_ENUM_CONVERSION = YES;
				CLANG_WARN_INFINITE_RECURSION = YES;
				CLANG_WARN_INT_CONVERSION = YES;
				CLANG_WARN_NON_LITERAL_NULL_CONVERSION = YES;
				CLANG_WARN_OBJC_IMPLICIT_RETAIN_SELF = YES;
				CLANG_WARN_OBJC_LITERAL_CONVERSION = YES;
				CLANG_WARN_OBJC_ROOT_CLASS = YES_ERROR;
				CLANG_WARN_QUOTED_INCLUDE_IN_FRAMEWORK_HEADER = YES;
				CLANG_WARN_RANGE_LOOP_ANALYSIS = YES;
				CLANG_WARN_STRICT_PROTOTYPES = YES;
				CLANG_WARN_SUSPICIOUS_MOVE = YES;
				CLANG_WARN_UNGUARDED_AVAILABILITY = YES_AGGRESSIVE;
				CLANG_WARN_UNREACHABLE_CODE = YES;
				CLANG_WARN__DUPLICATE_METHOD_MATCH = YES;
				COPY_PHASE_STRIP = NO;
				DEBUG_INFORMATION_FORMAT = "dwarf-with-dsym";
				ENABLE_NS_ASSERTIONS = NO;
				ENABLE_STRICT_OBJC_MSGSEND = YES;
				GCC_C_LANGUAGE_STANDARD = gnu11;
				GCC_NO_COMMON_BLOCKS = YES;
				GCC_WARN_64_TO_32_BIT_CONVERSION = YES;
				GCC_WARN_ABOUT_RETURN_TYPE = YES_ERROR;
				GCC_WARN_UNDECLARED_SELECTOR = YES;
				GCC_WARN_UNINITIALIZED_AUTOS = YES_AGGRESSIVE;
				GCC_WARN_UNUSED_FUNCTION = YES;
				GCC_WARN_UNUSED_VARIABLE = YES;
				IPHONEOS_DEPLOYMENT_TARGET = 15.0;
				MTL_ENABLE_DEBUG_INFO = NO;
				MTL_FAST_MATH = YES;
				SDKROOT = iphoneos;
				SWIFT_COMPILATION_MODE = wholemodule;
				SWIFT_OPTIMIZATION_LEVEL = "-O";
				VALIDATE_PRODUCT = YES;
			};
			name = Release;
		};
		E4A8D99328C25D250091601D /* Debug */ = {
			isa = XCBuildConfiguration;
			buildSettings = {
				ASSETCATALOG_COMPILER_APPICON_NAME = AppIcon;
				ASSETCATALOG_COMPILER_GLOBAL_ACCENT_COLOR_NAME = AccentColor;
				CODE_SIGN_STYLE = Automatic;
				CURRENT_PROJECT_VERSION = 1;
				DEVELOPMENT_ASSET_PATHS = "\"JSONPlaceholder-example/Preview Content\"";
				DEVELOPMENT_TEAM = 4G9UQ8D789;
				ENABLE_PREVIEWS = YES;
				GENERATE_INFOPLIST_FILE = YES;
				INFOPLIST_FILE = "JSONPlaceholder-example/Info.plist";
				INFOPLIST_KEY_CFBundleDisplayName = "JSON Placeholder";
				INFOPLIST_KEY_UIApplicationSceneManifest_Generation = YES;
				INFOPLIST_KEY_UIApplicationSupportsIndirectInputEvents = YES;
				INFOPLIST_KEY_UILaunchStoryboardName = LaunchScreen;
				INFOPLIST_KEY_UISupportedInterfaceOrientations = UIInterfaceOrientationPortrait;
				INFOPLIST_KEY_UISupportedInterfaceOrientations_iPad = "UIInterfaceOrientationPortrait UIInterfaceOrientationPortraitUpsideDown UIInterfaceOrientationLandscapeLeft UIInterfaceOrientationLandscapeRight";
				INFOPLIST_KEY_UISupportedInterfaceOrientations_iPhone = "UIInterfaceOrientationPortrait UIInterfaceOrientationLandscapeLeft UIInterfaceOrientationLandscapeRight";
				LD_RUNPATH_SEARCH_PATHS = (
					"$(inherited)",
					"@executable_path/Frameworks",
				);
				MARKETING_VERSION = 1.0;
				PRODUCT_BUNDLE_IDENTIFIER = "io.victorcastro.JSONPlaceholder-example";
				PRODUCT_NAME = "$(TARGET_NAME)";
				SWIFT_EMIT_LOC_STRINGS = YES;
				SWIFT_VERSION = 5.0;
				TARGETED_DEVICE_FAMILY = 1;
			};
			name = Debug;
		};
		E4A8D99428C25D250091601D /* Release */ = {
			isa = XCBuildConfiguration;
			buildSettings = {
				ASSETCATALOG_COMPILER_APPICON_NAME = AppIcon;
				ASSETCATALOG_COMPILER_GLOBAL_ACCENT_COLOR_NAME = AccentColor;
				CODE_SIGN_STYLE = Automatic;
				CURRENT_PROJECT_VERSION = 1;
				DEVELOPMENT_ASSET_PATHS = "\"JSONPlaceholder-example/Preview Content\"";
				DEVELOPMENT_TEAM = 4G9UQ8D789;
				ENABLE_PREVIEWS = YES;
				GENERATE_INFOPLIST_FILE = YES;
				INFOPLIST_FILE = "JSONPlaceholder-example/Info.plist";
				INFOPLIST_KEY_CFBundleDisplayName = "JSON Placeholder";
				INFOPLIST_KEY_UIApplicationSceneManifest_Generation = YES;
				INFOPLIST_KEY_UIApplicationSupportsIndirectInputEvents = YES;
				INFOPLIST_KEY_UILaunchStoryboardName = LaunchScreen;
				INFOPLIST_KEY_UISupportedInterfaceOrientations = UIInterfaceOrientationPortrait;
				INFOPLIST_KEY_UISupportedInterfaceOrientations_iPad = "UIInterfaceOrientationPortrait UIInterfaceOrientationPortraitUpsideDown UIInterfaceOrientationLandscapeLeft UIInterfaceOrientationLandscapeRight";
				INFOPLIST_KEY_UISupportedInterfaceOrientations_iPhone = "UIInterfaceOrientationPortrait UIInterfaceOrientationLandscapeLeft UIInterfaceOrientationLandscapeRight";
				LD_RUNPATH_SEARCH_PATHS = (
					"$(inherited)",
					"@executable_path/Frameworks",
				);
				MARKETING_VERSION = 1.0;
				PRODUCT_BUNDLE_IDENTIFIER = "io.victorcastro.JSONPlaceholder-example";
				PRODUCT_NAME = "$(TARGET_NAME)";
				SWIFT_EMIT_LOC_STRINGS = YES;
				SWIFT_VERSION = 5.0;
				TARGETED_DEVICE_FAMILY = 1;
			};
			name = Release;
		};
		E4A8D99628C25D250091601D /* Debug */ = {
			isa = XCBuildConfiguration;
			buildSettings = {
				ALWAYS_EMBED_SWIFT_STANDARD_LIBRARIES = YES;
				BUNDLE_LOADER = "$(TEST_HOST)";
				CODE_SIGN_STYLE = Automatic;
				CURRENT_PROJECT_VERSION = 1;
				DEVELOPMENT_TEAM = 4G9UQ8D789;
				GENERATE_INFOPLIST_FILE = YES;
				IPHONEOS_DEPLOYMENT_TARGET = 15.5;
				MARKETING_VERSION = 1.0;
				PRODUCT_BUNDLE_IDENTIFIER = "io.victorcastro.JSONPlaceholder-exampleTests";
				PRODUCT_NAME = "$(TARGET_NAME)";
				SWIFT_EMIT_LOC_STRINGS = NO;
				SWIFT_VERSION = 5.0;
				TARGETED_DEVICE_FAMILY = "1,2";
				TEST_HOST = "$(BUILT_PRODUCTS_DIR)/JSONPlaceholder-example.app/JSONPlaceholder-example";
			};
			name = Debug;
		};
		E4A8D99728C25D250091601D /* Release */ = {
			isa = XCBuildConfiguration;
			buildSettings = {
				ALWAYS_EMBED_SWIFT_STANDARD_LIBRARIES = YES;
				BUNDLE_LOADER = "$(TEST_HOST)";
				CODE_SIGN_STYLE = Automatic;
				CURRENT_PROJECT_VERSION = 1;
				DEVELOPMENT_TEAM = 4G9UQ8D789;
				GENERATE_INFOPLIST_FILE = YES;
				IPHONEOS_DEPLOYMENT_TARGET = 15.5;
				MARKETING_VERSION = 1.0;
				PRODUCT_BUNDLE_IDENTIFIER = "io.victorcastro.JSONPlaceholder-exampleTests";
				PRODUCT_NAME = "$(TARGET_NAME)";
				SWIFT_EMIT_LOC_STRINGS = NO;
				SWIFT_VERSION = 5.0;
				TARGETED_DEVICE_FAMILY = "1,2";
				TEST_HOST = "$(BUILT_PRODUCTS_DIR)/JSONPlaceholder-example.app/JSONPlaceholder-example";
			};
			name = Release;
		};
		E4A8D99928C25D250091601D /* Debug */ = {
			isa = XCBuildConfiguration;
			buildSettings = {
				ALWAYS_EMBED_SWIFT_STANDARD_LIBRARIES = YES;
				CODE_SIGN_STYLE = Automatic;
				CURRENT_PROJECT_VERSION = 1;
				DEVELOPMENT_TEAM = 4G9UQ8D789;
				GENERATE_INFOPLIST_FILE = YES;
				MARKETING_VERSION = 1.0;
				PRODUCT_BUNDLE_IDENTIFIER = "io.victorcastro.JSONPlaceholder-exampleUITests";
				PRODUCT_NAME = "$(TARGET_NAME)";
				SWIFT_EMIT_LOC_STRINGS = NO;
				SWIFT_VERSION = 5.0;
				TARGETED_DEVICE_FAMILY = "1,2";
				TEST_TARGET_NAME = "JSONPlaceholder-example";
			};
			name = Debug;
		};
		E4A8D99A28C25D250091601D /* Release */ = {
			isa = XCBuildConfiguration;
			buildSettings = {
				ALWAYS_EMBED_SWIFT_STANDARD_LIBRARIES = YES;
				CODE_SIGN_STYLE = Automatic;
				CURRENT_PROJECT_VERSION = 1;
				DEVELOPMENT_TEAM = 4G9UQ8D789;
				GENERATE_INFOPLIST_FILE = YES;
				MARKETING_VERSION = 1.0;
				PRODUCT_BUNDLE_IDENTIFIER = "io.victorcastro.JSONPlaceholder-exampleUITests";
				PRODUCT_NAME = "$(TARGET_NAME)";
				SWIFT_EMIT_LOC_STRINGS = NO;
				SWIFT_VERSION = 5.0;
				TARGETED_DEVICE_FAMILY = "1,2";
				TEST_TARGET_NAME = "JSONPlaceholder-example";
			};
			name = Release;
		};
/* End XCBuildConfiguration section */

/* Begin XCConfigurationList section */
		E4A8D96428C25D1F0091601D /* Build configuration list for PBXProject "JSONPlaceholder-example" */ = {
			isa = XCConfigurationList;
			buildConfigurations = (
				E4A8D99028C25D250091601D /* Debug */,
				E4A8D99128C25D250091601D /* Release */,
			);
			defaultConfigurationIsVisible = 0;
			defaultConfigurationName = Release;
		};
		E4A8D99228C25D250091601D /* Build configuration list for PBXNativeTarget "JSONPlaceholder-example" */ = {
			isa = XCConfigurationList;
			buildConfigurations = (
				E4A8D99328C25D250091601D /* Debug */,
				E4A8D99428C25D250091601D /* Release */,
			);
			defaultConfigurationIsVisible = 0;
			defaultConfigurationName = Release;
		};
		E4A8D99528C25D250091601D /* Build configuration list for PBXNativeTarget "JSONPlaceholder-exampleTests" */ = {
			isa = XCConfigurationList;
			buildConfigurations = (
				E4A8D99628C25D250091601D /* Debug */,
				E4A8D99728C25D250091601D /* Release */,
			);
			defaultConfigurationIsVisible = 0;
			defaultConfigurationName = Release;
		};
		E4A8D99828C25D250091601D /* Build configuration list for PBXNativeTarget "JSONPlaceholder-exampleUITests" */ = {
			isa = XCConfigurationList;
			buildConfigurations = (
				E4A8D99928C25D250091601D /* Debug */,
				E4A8D99A28C25D250091601D /* Release */,
			);
			defaultConfigurationIsVisible = 0;
			defaultConfigurationName = Release;
		};
/* End XCConfigurationList section */

/* Begin XCVersionGroup section */
		E4A8D97728C25D250091601D /* JSONPlaceholder_example.xcdatamodeld */ = {
			isa = XCVersionGroup;
			children = (
				E4A8D97828C25D250091601D /* JSONPlaceholder_example.xcdatamodel */,
			);
			currentVersion = E4A8D97828C25D250091601D /* JSONPlaceholder_example.xcdatamodel */;
			path = JSONPlaceholder_example.xcdatamodeld;
			sourceTree = "<group>";
			versionGroupType = wrapper.xcdatamodel;
		};
/* End XCVersionGroup section */
	};
	rootObject = E4A8D96128C25D1F0091601D /* Project object */;
}
